
Microsoft Visual Studio Solution File, Format Version 12.00
# Visual Studio 2012
Project("{FAE04EC0-301F-11D3-BF4B-00C04F79EFBC}") = "GDILearn", "GDILearn\GDILearn.csproj", "{0CAC42AE-FDDA-4EB8-91BB-6DD60B9E300C}"
EndProject
Global
	GlobalSection(SolutionConfigurationPlatforms) = preSolution
		Debug|Any CPU = Debug|Any CPU
		Release|Any CPU = Release|Any CPU
	EndGlobalSection
	GlobalSection(ProjectConfigurationPlatforms) = postSolution
		{0CAC42AE-FDDA-4EB8-91BB-6DD60B9E300C}.Debug|Any CPU.ActiveCfg = Debug|Any CPU
		{0CAC42AE-FDDA-4EB8-91BB-6DD60B9E300C}.Debug|Any CPU.Build.0 = Debug|Any CPU
		{0CAC42AE-FDDA-4EB8-91BB-6DD60B9E300C}.Release|Any CPU.ActiveCfg = Release|Any CPU
		{0CAC42AE-FDDA-4EB8-91BB-6DD60B9E300C}.Release|Any CPU.Build.0 = Release|Any CPU
	EndGlobalSection
	GlobalSection(SolutionProperties) = preSolution
		HideSolutionNode = FALSE
	EndGlobalSection
EndGlobal
