
Microsoft Visual Studio Solution File, Format Version 12.00
# Visual Studio 2012
Project("{FAE04EC0-301F-11D3-BF4B-00C04F79EFBC}") = "Producer", "Producer\Producer.csproj", "{440CE4E1-4B26-4E51-BDF4-DDD9F19A05A0}"
EndProject
Project("{FAE04EC0-301F-11D3-BF4B-00C04F79EFBC}") = "Consumer", "Consumer\Consumer.csproj", "{C32F73F1-4824-4C37-A02A-FCFFD54EE209}"
EndProject
Project("{FAE04EC0-301F-11D3-BF4B-00C04F79EFBC}") = "MQHelper", "MQHelper\MQHelper.csproj", "{7EE4006C-77DC-4576-B5A5-058BF02D2752}"
EndProject
Global
	GlobalSection(SolutionConfigurationPlatforms) = preSolution
		Debug|Any CPU = Debug|Any CPU
		Release|Any CPU = Release|Any CPU
	EndGlobalSection
	GlobalSection(ProjectConfigurationPlatforms) = postSolution
		{440CE4E1-4B26-4E51-BDF4-DDD9F19A05A0}.Debug|Any CPU.ActiveCfg = Debug|Any CPU
		{440CE4E1-4B26-4E51-BDF4-DDD9F19A05A0}.Debug|Any CPU.Build.0 = Debug|Any CPU
		{440CE4E1-4B26-4E51-BDF4-DDD9F19A05A0}.Release|Any CPU.ActiveCfg = Release|Any CPU
		{440CE4E1-4B26-4E51-BDF4-DDD9F19A05A0}.Release|Any CPU.Build.0 = Release|Any CPU
		{C32F73F1-4824-4C37-A02A-FCFFD54EE209}.Debug|Any CPU.ActiveCfg = Debug|Any CPU
		{C32F73F1-4824-4C37-A02A-FCFFD54EE209}.Debug|Any CPU.Build.0 = Debug|Any CPU
		{C32F73F1-4824-4C37-A02A-FCFFD54EE209}.Release|Any CPU.ActiveCfg = Release|Any CPU
		{C32F73F1-4824-4C37-A02A-FCFFD54EE209}.Release|Any CPU.Build.0 = Release|Any CPU
		{7EE4006C-77DC-4576-B5A5-058BF02D2752}.Debug|Any CPU.ActiveCfg = Debug|Any CPU
		{7EE4006C-77DC-4576-B5A5-058BF02D2752}.Debug|Any CPU.Build.0 = Debug|Any CPU
		{7EE4006C-77DC-4576-B5A5-058BF02D2752}.Release|Any CPU.ActiveCfg = Release|Any CPU
		{7EE4006C-77DC-4576-B5A5-058BF02D2752}.Release|Any CPU.Build.0 = Release|Any CPU
	EndGlobalSection
	GlobalSection(SolutionProperties) = preSolution
		HideSolutionNode = FALSE
	EndGlobalSection
EndGlobal
