
Microsoft Visual Studio Solution File, Format Version 12.00
# Visual Studio 2012
Project("{FAE04EC0-301F-11D3-BF4B-00C04F79EFBC}") = "WCFLearn", "WCFLearn\WCFLearn.csproj", "{098875D3-C419-4FA0-998E-5A45DA6C9FC2}"
EndProject
Project("{FAE04EC0-301F-11D3-BF4B-00C04F79EFBC}") = "WCFSvc", "WCFSvc\WCFSvc.csproj", "{E20D8943-A071-4857-B702-7E0A3728245E}"
EndProject
Global
	GlobalSection(SolutionConfigurationPlatforms) = preSolution
		Debug|Any CPU = Debug|Any CPU
		Release|Any CPU = Release|Any CPU
	EndGlobalSection
	GlobalSection(ProjectConfigurationPlatforms) = postSolution
		{098875D3-C419-4FA0-998E-5A45DA6C9FC2}.Debug|Any CPU.ActiveCfg = Debug|Any CPU
		{098875D3-C419-4FA0-998E-5A45DA6C9FC2}.Debug|Any CPU.Build.0 = Debug|Any CPU
		{098875D3-C419-4FA0-998E-5A45DA6C9FC2}.Release|Any CPU.ActiveCfg = Release|Any CPU
		{098875D3-C419-4FA0-998E-5A45DA6C9FC2}.Release|Any CPU.Build.0 = Release|Any CPU
		{E20D8943-A071-4857-B702-7E0A3728245E}.Debug|Any CPU.ActiveCfg = Debug|Any CPU
		{E20D8943-A071-4857-B702-7E0A3728245E}.Debug|Any CPU.Build.0 = Debug|Any CPU
		{E20D8943-A071-4857-B702-7E0A3728245E}.Release|Any CPU.ActiveCfg = Release|Any CPU
		{E20D8943-A071-4857-B702-7E0A3728245E}.Release|Any CPU.Build.0 = Release|Any CPU
	EndGlobalSection
	GlobalSection(SolutionProperties) = preSolution
		HideSolutionNode = FALSE
	EndGlobalSection
EndGlobal
